{
  "nodes": {
    "nixpkgs": {
      "locked": {
        "lastModified": 1705397665,
        "narHash": "sha256-39cd7NHTPOMzYLa+y8YW3W6frcFf8a88c8gTb8ZMYoY=",
        "owner": "nixos",
        "repo": "nixpkgs",
        "rev": "e1f1b5bcd2db477bbb5e76439154400cdc6590c1",
        "type": "github"
      },
      "original": {
        "owner": "nixos",
        "repo": "nixpkgs",
        "type": "github"
      }
    },
    "root": {
      "inputs": {
        "nixpkgs": "nixpkgs",
        "systems": "systems"
      }
    },
    "systems": {
      "locked": {
        "lastModified": 1681028828,
        "narHash": "sha256-Vy1rq5AaRuLzOxct8nz4T6wlgyUR7zLU309k9mBC768=",
        "owner": "nix-systems",
        "repo": "default",
        "rev": "da67096a3b9bf56a91d16901293e51ba5b49a27e",
        "type": "github"
      },
      "original": {
        "id": "systems",
        "type": "indirect"
      }
    }
  },
  "root": "root",
  "version": 7
}
